// !$*UTF8*$!
{
	archiveVersion = 1;
	classes = {
	};
	objectVersion = 50;
	objects = {

/* Begin PBXBuildFile section */
		0ABC36DE23DFCF92004CA895 /* AppDelegate.m in Sources */ = {isa = PBXBuildFile; fileRef = 0ABC36DD23DFCF92004CA895 /* AppDelegate.m */; };
		0ABC36E123DFCF92004CA895 /* SceneDelegate.m in Sources */ = {isa = PBXBuildFile; fileRef = 0ABC36E023DFCF92004CA895 /* SceneDelegate.m */; };
		0ABC36E423DFCF92004CA895 /* ViewController.m in Sources */ = {isa = PBXBuildFile; fileRef = 0ABC36E323DFCF92004CA895 /* ViewController.m */; };
		0ABC36E723DFCF92004CA895 /* Main.storyboard in Resources */ = {isa = PBXBuildFile; fileRef = 0ABC36E523DFCF92004CA895 /* Main.storyboard */; };
		0ABC36E923DFCF95004CA895 /* Assets.xcassets in Resources */ = {isa = PBXBuildFile; fileRef = 0ABC36E823DFCF95004CA895 /* Assets.xcassets */; };
		0ABC36EC23DFCF95004CA895 /* LaunchScreen.storyboard in Resources */ = {isa = PBXBuildFile; fileRef = 0ABC36EA23DFCF95004CA895 /* LaunchScreen.storyboard */; };
		0ABC36EF23DFCF95004CA895 /* main.m in Sources */ = {isa = PBXBuildFile; fileRef = 0ABC36EE23DFCF95004CA895 /* main.m */; };
		0ABC36F923DFCF95004CA895 /* MyTest20200128Tests.m in Sources */ = {isa = PBXBuildFile; fileRef = 0ABC36F823DFCF95004CA895 /* MyTest20200128Tests.m */; };
		0ABC370423DFCF95004CA895 /* MyTest20200128UITests.m in Sources */ = {isa = PBXBuildFile; fileRef = 0ABC370323DFCF95004CA895 /* MyTest20200128UITests.m */; };
		0ABC371923E12299004CA895 /* AppDelegate.m in Sources */ = {isa = PBXBuildFile; fileRef = 0ABC371823E12299004CA895 /* AppDelegate.m */; };
		0ABC371C23E12299004CA895 /* SceneDelegate.m in Sources */ = {isa = PBXBuildFile; fileRef = 0ABC371B23E12299004CA895 /* SceneDelegate.m */; };
		0ABC371F23E12299004CA895 /* ViewController.m in Sources */ = {isa = PBXBuildFile; fileRef = 0ABC371E23E12299004CA895 /* ViewController.m */; };
		0ABC372223E12299004CA895 /* Main.storyboard in Resources */ = {isa = PBXBuildFile; fileRef = 0ABC372023E12299004CA895 /* Main.storyboard */; };
		0ABC372423E1229B004CA895 /* Assets.xcassets in Resources */ = {isa = PBXBuildFile; fileRef = 0ABC372323E1229B004CA895 /* Assets.xcassets */; };
		0ABC372723E1229B004CA895 /* LaunchScreen.storyboard in Resources */ = {isa = PBXBuildFile; fileRef = 0ABC372523E1229B004CA895 /* LaunchScreen.storyboard */; };
		0ABC372A23E1229B004CA895 /* main.m in Sources */ = {isa = PBXBuildFile; fileRef = 0ABC372923E1229B004CA895 /* main.m */; };
		0ABC373423E1229B004CA895 /* Objc__Tests.m in Sources */ = {isa = PBXBuildFile; fileRef = 0ABC373323E1229B004CA895 /* Objc__Tests.m */; };
		0ABC373F23E1229B004CA895 /* Objc__UITests.m in Sources */ = {isa = PBXBuildFile; fileRef = 0ABC373E23E1229B004CA895 /* Objc__UITests.m */; };
		0ABC375223E122CD004CA895 /* AppDelegate.m in Sources */ = {isa = PBXBuildFile; fileRef = 0ABC375123E122CD004CA895 /* AppDelegate.m */; };
		0ABC375523E122CD004CA895 /* SceneDelegate.m in Sources */ = {isa = PBXBuildFile; fileRef = 0ABC375423E122CD004CA895 /* SceneDelegate.m */; };
		0ABC375823E122CD004CA895 /* ViewController.m in Sources */ = {isa = PBXBuildFile; fileRef = 0ABC375723E122CD004CA895 /* ViewController.m */; };
		0ABC375B23E122CD004CA895 /* Main.storyboard in Resources */ = {isa = PBXBuildFile; fileRef = 0ABC375923E122CD004CA895 /* Main.storyboard */; };
		0ABC375D23E122CD004CA895 /* Assets.xcassets in Resources */ = {isa = PBXBuildFile; fileRef = 0ABC375C23E122CD004CA895 /* Assets.xcassets */; };
		0ABC376023E122CD004CA895 /* LaunchScreen.storyboard in Resources */ = {isa = PBXBuildFile; fileRef = 0ABC375E23E122CD004CA895 /* LaunchScreen.storyboard */; };
		0ABC376323E122CD004CA895 /* main.m in Sources */ = {isa = PBXBuildFile; fileRef = 0ABC376223E122CD004CA895 /* main.m */; };
		0ABC376D23E122CE004CA895 /* ____Tests.m in Sources */ = {isa = PBXBuildFile; fileRef = 0ABC376C23E122CE004CA895 /* ____Tests.m */; };
		0ABC377823E122CE004CA895 /* ____UITests.m in Sources */ = {isa = PBXBuildFile; fileRef = 0ABC377723E122CE004CA895 /* ____UITests.m */; };
		0ABC378723E30532004CA895 /* JHPerson.m in Sources */ = {isa = PBXBuildFile; fileRef = 0ABC378623E30531004CA895 /* JHPerson.m */; };
		0ABC378A23ED680E004CA895 /* JHStudent.m in Sources */ = {isa = PBXBuildFile; fileRef = 0ABC378923ED680D004CA895 /* JHStudent.m */; };
		0ABC378E23F42653004CA895 /* JHAnimal.m in Sources */ = {isa = PBXBuildFile; fileRef = 0ABC378D23F42653004CA895 /* JHAnimal.m */; };
		4CB143CB2580DBF7006D8D37 /* JHArrayTool.m in Sources */ = {isa = PBXBuildFile; fileRef = 4CB143CA2580DBF7006D8D37 /* JHArrayTool.m */; };
/* End PBXBuildFile section */

/* Begin PBXContainerItemProxy section */
		0ABC36F523DFCF95004CA895 /* PBXContainerItemProxy */ = {
			isa = PBXContainerItemProxy;
			containerPortal = 0ABC36D123DFCF92004CA895 /* Project object */;
			proxyType = 1;
			remoteGlobalIDString = 0ABC36D823DFCF92004CA895;
			remoteInfo = MyTest20200128;
		};
		0ABC370023DFCF95004CA895 /* PBXContainerItemProxy */ = {
			isa = PBXContainerItemProxy;
			containerPortal = 0ABC36D123DFCF92004CA895 /* Project object */;
			proxyType = 1;
			remoteGlobalIDString = 0ABC36D823DFCF92004CA895;
			remoteInfo = MyTest20200128;
		};
		0ABC373023E1229B004CA895 /* PBXContainerItemProxy */ = {
			isa = PBXContainerItemProxy;
			containerPortal = 0ABC36D123DFCF92004CA895 /* Project object */;
			proxyType = 1;
			remoteGlobalIDString = 0ABC371423E12299004CA895;
			remoteInfo = "Objc底层";
		};
		0ABC373B23E1229B004CA895 /* PBXContainerItemProxy */ = {
			isa = PBXContainerItemProxy;
			containerPortal = 0ABC36D123DFCF92004CA895 /* Project object */;
			proxyType = 1;
			remoteGlobalIDString = 0ABC371423E12299004CA895;
			remoteInfo = "Objc底层";
		};
		0ABC376923E122CE004CA895 /* PBXContainerItemProxy */ = {
			isa = PBXContainerItemProxy;
			containerPortal = 0ABC36D123DFCF92004CA895 /* Project object */;
			proxyType = 1;
			remoteGlobalIDString = 0ABC374D23E122CD004CA895;
			remoteInfo = "算法基础";
		};
		0ABC377423E122CE004CA895 /* PBXContainerItemProxy */ = {
			isa = PBXContainerItemProxy;
			containerPortal = 0ABC36D123DFCF92004CA895 /* Project object */;
			proxyType = 1;
			remoteGlobalIDString = 0ABC374D23E122CD004CA895;
			remoteInfo = "算法基础";
		};
/* End PBXContainerItemProxy section */

/* Begin PBXFileReference section */
		0ABC36D923DFCF92004CA895 /* MyTest20200128.app */ = {isa = PBXFileReference; explicitFileType = wrapper.application; includeInIndex = 0; path = MyTest20200128.app; sourceTree = BUILT_PRODUCTS_DIR; };
		0ABC36DC23DFCF92004CA895 /* AppDelegate.h */ = {isa = PBXFileReference; lastKnownFileType = sourcecode.c.h; path = AppDelegate.h; sourceTree = "<group>"; };
		0ABC36DD23DFCF92004CA895 /* AppDelegate.m */ = {isa = PBXFileReference; lastKnownFileType = sourcecode.c.objc; path = AppDelegate.m; sourceTree = "<group>"; };
		0ABC36DF23DFCF92004CA895 /* SceneDelegate.h */ = {isa = PBXFileReference; lastKnownFileType = sourcecode.c.h; path = SceneDelegate.h; sourceTree = "<group>"; };
		0ABC36E023DFCF92004CA895 /* SceneDelegate.m */ = {isa = PBXFileReference; lastKnownFileType = sourcecode.c.objc; path = SceneDelegate.m; sourceTree = "<group>"; };
		0ABC36E223DFCF92004CA895 /* ViewController.h */ = {isa = PBXFileReference; lastKnownFileType = sourcecode.c.h; path = ViewController.h; sourceTree = "<group>"; };
		0ABC36E323DFCF92004CA895 /* ViewController.m */ = {isa = PBXFileReference; lastKnownFileType = sourcecode.c.objc; path = ViewController.m; sourceTree = "<group>"; };
		0ABC36E623DFCF92004CA895 /* Base */ = {isa = PBXFileReference; lastKnownFileType = file.storyboard; name = Base; path = Base.lproj/Main.storyboard; sourceTree = "<group>"; };
		0ABC36E823DFCF95004CA895 /* Assets.xcassets */ = {isa = PBXFileReference; lastKnownFileType = folder.assetcatalog; path = Assets.xcassets; sourceTree = "<group>"; };
		0ABC36EB23DFCF95004CA895 /* Base */ = {isa = PBXFileReference; lastKnownFileType = file.storyboard; name = Base; path = Base.lproj/LaunchScreen.storyboard; sourceTree = "<group>"; };
		0ABC36ED23DFCF95004CA895 /* Info.plist */ = {isa = PBXFileReference; lastKnownFileType = text.plist.xml; path = Info.plist; sourceTree = "<group>"; };
		0ABC36EE23DFCF95004CA895 /* main.m */ = {isa = PBXFileReference; lastKnownFileType = sourcecode.c.objc; path = main.m; sourceTree = "<group>"; };
		0ABC36F423DFCF95004CA895 /* MyTest20200128Tests.xctest */ = {isa = PBXFileReference; explicitFileType = wrapper.cfbundle; includeInIndex = 0; path = MyTest20200128Tests.xctest; sourceTree = BUILT_PRODUCTS_DIR; };
		0ABC36F823DFCF95004CA895 /* MyTest20200128Tests.m */ = {isa = PBXFileReference; lastKnownFileType = sourcecode.c.objc; path = MyTest20200128Tests.m; sourceTree = "<group>"; };
		0ABC36FA23DFCF95004CA895 /* Info.plist */ = {isa = PBXFileReference; lastKnownFileType = text.plist.xml; path = Info.plist; sourceTree = "<group>"; };
		0ABC36FF23DFCF95004CA895 /* MyTest20200128UITests.xctest */ = {isa = PBXFileReference; explicitFileType = wrapper.cfbundle; includeInIndex = 0; path = MyTest20200128UITests.xctest; sourceTree = BUILT_PRODUCTS_DIR; };
		0ABC370323DFCF95004CA895 /* MyTest20200128UITests.m */ = {isa = PBXFileReference; lastKnownFileType = sourcecode.c.objc; path = MyTest20200128UITests.m; sourceTree = "<group>"; };
		0ABC370523DFCF95004CA895 /* Info.plist */ = {isa = PBXFileReference; lastKnownFileType = text.plist.xml; path = Info.plist; sourceTree = "<group>"; };
		0ABC371523E12299004CA895 /* Objc底层.app */ = {isa = PBXFileReference; explicitFileType = wrapper.application; includeInIndex = 0; path = "Objc底层.app"; sourceTree = BUILT_PRODUCTS_DIR; };
		0ABC371723E12299004CA895 /* AppDelegate.h */ = {isa = PBXFileReference; lastKnownFileType = sourcecode.c.h; path = AppDelegate.h; sourceTree = "<group>"; };
		0ABC371823E12299004CA895 /* AppDelegate.m */ = {isa = PBXFileReference; lastKnownFileType = sourcecode.c.objc; path = AppDelegate.m; sourceTree = "<group>"; };
		0ABC371A23E12299004CA895 /* SceneDelegate.h */ = {isa = PBXFileReference; lastKnownFileType = sourcecode.c.h; path = SceneDelegate.h; sourceTree = "<group>"; };
		0ABC371B23E12299004CA895 /* SceneDelegate.m */ = {isa = PBXFileReference; lastKnownFileType = sourcecode.c.objc; path = SceneDelegate.m; sourceTree = "<group>"; };
		0ABC371D23E12299004CA895 /* ViewController.h */ = {isa = PBXFileReference; lastKnownFileType = sourcecode.c.h; path = ViewController.h; sourceTree = "<group>"; };
		0ABC371E23E12299004CA895 /* ViewController.m */ = {isa = PBXFileReference; lastKnownFileType = sourcecode.c.objc; path = ViewController.m; sourceTree = "<group>"; };
		0ABC372123E12299004CA895 /* Base */ = {isa = PBXFileReference; lastKnownFileType = file.storyboard; name = Base; path = Base.lproj/Main.storyboard; sourceTree = "<group>"; };
		0ABC372323E1229B004CA895 /* Assets.xcassets */ = {isa = PBXFileReference; lastKnownFileType = folder.assetcatalog; path = Assets.xcassets; sourceTree = "<group>"; };
		0ABC372623E1229B004CA895 /* Base */ = {isa = PBXFileReference; lastKnownFileType = file.storyboard; name = Base; path = Base.lproj/LaunchScreen.storyboard; sourceTree = "<group>"; };
		0ABC372823E1229B004CA895 /* Info.plist */ = {isa = PBXFileReference; lastKnownFileType = text.plist.xml; path = Info.plist; sourceTree = "<group>"; };
		0ABC372923E1229B004CA895 /* main.m */ = {isa = PBXFileReference; lastKnownFileType = sourcecode.c.objc; path = main.m; sourceTree = "<group>"; };
		0ABC372F23E1229B004CA895 /* Objc底层Tests.xctest */ = {isa = PBXFileReference; explicitFileType = wrapper.cfbundle; includeInIndex = 0; path = "Objc底层Tests.xctest"; sourceTree = BUILT_PRODUCTS_DIR; };
		0ABC373323E1229B004CA895 /* Objc__Tests.m */ = {isa = PBXFileReference; lastKnownFileType = sourcecode.c.objc; path = Objc__Tests.m; sourceTree = "<group>"; };
		0ABC373523E1229B004CA895 /* Info.plist */ = {isa = PBXFileReference; lastKnownFileType = text.plist.xml; path = Info.plist; sourceTree = "<group>"; };
		0ABC373A23E1229B004CA895 /* Objc底层UITests.xctest */ = {isa = PBXFileReference; explicitFileType = wrapper.cfbundle; includeInIndex = 0; path = "Objc底层UITests.xctest"; sourceTree = BUILT_PRODUCTS_DIR; };
		0ABC373E23E1229B004CA895 /* Objc__UITests.m */ = {isa = PBXFileReference; lastKnownFileType = sourcecode.c.objc; path = Objc__UITests.m; sourceTree = "<group>"; };
		0ABC374023E1229B004CA895 /* Info.plist */ = {isa = PBXFileReference; lastKnownFileType = text.plist.xml; path = Info.plist; sourceTree = "<group>"; };
		0ABC374E23E122CD004CA895 /* 算法基础.app */ = {isa = PBXFileReference; explicitFileType = wrapper.application; includeInIndex = 0; path = "算法基础.app"; sourceTree = BUILT_PRODUCTS_DIR; };
		0ABC375023E122CD004CA895 /* AppDelegate.h */ = {isa = PBXFileReference; lastKnownFileType = sourcecode.c.h; path = AppDelegate.h; sourceTree = "<group>"; };
		0ABC375123E122CD004CA895 /* AppDelegate.m */ = {isa = PBXFileReference; lastKnownFileType = sourcecode.c.objc; path = AppDelegate.m; sourceTree = "<group>"; };
		0ABC375323E122CD004CA895 /* SceneDelegate.h */ = {isa = PBXFileReference; lastKnownFileType = sourcecode.c.h; path = SceneDelegate.h; sourceTree = "<group>"; };
		0ABC375423E122CD004CA895 /* SceneDelegate.m */ = {isa = PBXFileReference; lastKnownFileType = sourcecode.c.objc; path = SceneDelegate.m; sourceTree = "<group>"; };
		0ABC375623E122CD004CA895 /* ViewController.h */ = {isa = PBXFileReference; lastKnownFileType = sourcecode.c.h; path = ViewController.h; sourceTree = "<group>"; };
		0ABC375723E122CD004CA895 /* ViewController.m */ = {isa = PBXFileReference; lastKnownFileType = sourcecode.c.objc; path = ViewController.m; sourceTree = "<group>"; };
		0ABC375A23E122CD004CA895 /* Base */ = {isa = PBXFileReference; lastKnownFileType = file.storyboard; name = Base; path = Base.lproj/Main.storyboard; sourceTree = "<group>"; };
		0ABC375C23E122CD004CA895 /* Assets.xcassets */ = {isa = PBXFileReference; lastKnownFileType = folder.assetcatalog; path = Assets.xcassets; sourceTree = "<group>"; };
		0ABC375F23E122CD004CA895 /* Base */ = {isa = PBXFileReference; lastKnownFileType = file.storyboard; name = Base; path = Base.lproj/LaunchScreen.storyboard; sourceTree = "<group>"; };
		0ABC376123E122CD004CA895 /* Info.plist */ = {isa = PBXFileReference; lastKnownFileType = text.plist.xml; path = Info.plist; sourceTree = "<group>"; };
		0ABC376223E122CD004CA895 /* main.m */ = {isa = PBXFileReference; lastKnownFileType = sourcecode.c.objc; path = main.m; sourceTree = "<group>"; };
		0ABC376823E122CE004CA895 /* 算法基础Tests.xctest */ = {isa = PBXFileReference; explicitFileType = wrapper.cfbundle; includeInIndex = 0; path = "算法基础Tests.xctest"; sourceTree = BUILT_PRODUCTS_DIR; };
		0ABC376C23E122CE004CA895 /* ____Tests.m */ = {isa = PBXFileReference; lastKnownFileType = sourcecode.c.objc; path = "____Tests.m"; sourceTree = "<group>"; };
		0ABC376E23E122CE004CA895 /* Info.plist */ = {isa = PBXFileReference; lastKnownFileType = text.plist.xml; path = Info.plist; sourceTree = "<group>"; };
		0ABC377323E122CE004CA895 /* 算法基础UITests.xctest */ = {isa = PBXFileReference; explicitFileType = wrapper.cfbundle; includeInIndex = 0; path = "算法基础UITests.xctest"; sourceTree = BUILT_PRODUCTS_DIR; };
		0ABC377723E122CE004CA895 /* ____UITests.m */ = {isa = PBXFileReference; lastKnownFileType = sourcecode.c.objc; path = "____UITests.m"; sourceTree = "<group>"; };
		0ABC377923E122CE004CA895 /* Info.plist */ = {isa = PBXFileReference; lastKnownFileType = text.plist.xml; path = Info.plist; sourceTree = "<group>"; };
		0ABC378323E13F2E004CA895 /* main-arm64.cpp */ = {isa = PBXFileReference; fileEncoding = 4; lastKnownFileType = sourcecode.cpp.cpp; path = "main-arm64.cpp"; sourceTree = "<group>"; };
		0ABC378523E30531004CA895 /* JHPerson.h */ = {isa = PBXFileReference; lastKnownFileType = sourcecode.c.h; path = JHPerson.h; sourceTree = "<group>"; };
		0ABC378623E30531004CA895 /* JHPerson.m */ = {isa = PBXFileReference; lastKnownFileType = sourcecode.c.objc; path = JHPerson.m; sourceTree = "<group>"; };
		0ABC378823ED680D004CA895 /* JHStudent.h */ = {isa = PBXFileReference; lastKnownFileType = sourcecode.c.h; path = JHStudent.h; sourceTree = "<group>"; };
		0ABC378923ED680D004CA895 /* JHStudent.m */ = {isa = PBXFileReference; lastKnownFileType = sourcecode.c.objc; path = JHStudent.m; sourceTree = "<group>"; };
		0ABC378C23F42653004CA895 /* JHAnimal.h */ = {isa = PBXFileReference; lastKnownFileType = sourcecode.c.h; path = JHAnimal.h; sourceTree = "<group>"; };
		0ABC378D23F42653004CA895 /* JHAnimal.m */ = {isa = PBXFileReference; lastKnownFileType = sourcecode.c.objc; path = JHAnimal.m; sourceTree = "<group>"; };
		4CB143C92580DBF7006D8D37 /* JHArrayTool.h */ = {isa = PBXFileReference; fileEncoding = 4; lastKnownFileType = sourcecode.c.h; path = JHArrayTool.h; sourceTree = "<group>"; };
		4CB143CA2580DBF7006D8D37 /* JHArrayTool.m */ = {isa = PBXFileReference; fileEncoding = 4; lastKnownFileType = sourcecode.c.objc; path = JHArrayTool.m; sourceTree = "<group>"; };
/* End PBXFileReference section */

/* Begin PBXFrameworksBuildPhase section */
		0ABC36D623DFCF92004CA895 /* Frameworks */ = {
			isa = PBXFrameworksBuildPhase;
			buildActionMask = 2147483647;
			files = (
			);
			runOnlyForDeploymentPostprocessing = 0;
		};
		0ABC36F123DFCF95004CA895 /* Frameworks */ = {
			isa = PBXFrameworksBuildPhase;
			buildActionMask = 2147483647;
			files = (
			);
			runOnlyForDeploymentPostprocessing = 0;
		};
		0ABC36FC23DFCF95004CA895 /* Frameworks */ = {
			isa = PBXFrameworksBuildPhase;
			buildActionMask = 2147483647;
			files = (
			);
			runOnlyForDeploymentPostprocessing = 0;
		};
		0ABC371223E12299004CA895 /* Frameworks */ = {
			isa = PBXFrameworksBuildPhase;
			buildActionMask = 2147483647;
			files = (
			);
			runOnlyForDeploymentPostprocessing = 0;
		};
		0ABC372C23E1229B004CA895 /* Frameworks */ = {
			isa = PBXFrameworksBuildPhase;
			buildActionMask = 2147483647;
			files = (
			);
			runOnlyForDeploymentPostprocessing = 0;
		};
		0ABC373723E1229B004CA895 /* Frameworks */ = {
			isa = PBXFrameworksBuildPhase;
			buildActionMask = 2147483647;
			files = (
			);
			runOnlyForDeploymentPostprocessing = 0;
		};
		0ABC374B23E122CD004CA895 /* Frameworks */ = {
			isa = PBXFrameworksBuildPhase;
			buildActionMask = 2147483647;
			files = (
			);
			runOnlyForDeploymentPostprocessing = 0;
		};
		0ABC376523E122CE004CA895 /* Frameworks */ = {
			isa = PBXFrameworksBuildPhase;
			buildActionMask = 2147483647;
			files = (
			);
			runOnlyForDeploymentPostprocessing = 0;
		};
		0ABC377023E122CE004CA895 /* Frameworks */ = {
			isa = PBXFrameworksBuildPhase;
			buildActionMask = 2147483647;
			files = (
			);
			runOnlyForDeploymentPostprocessing = 0;
		};
/* End PBXFrameworksBuildPhase section */

/* Begin PBXGroup section */
		0ABC36D023DFCF92004CA895 = {
			isa = PBXGroup;
			children = (
				0ABC36DB23DFCF92004CA895 /* MyTest20200128 */,
				0ABC36F723DFCF95004CA895 /* MyTest20200128Tests */,
				0ABC370223DFCF95004CA895 /* MyTest20200128UITests */,
				0ABC371623E12299004CA895 /* Objc底层 */,
				0ABC373223E1229B004CA895 /* Objc底层Tests */,
				0ABC373D23E1229B004CA895 /* Objc底层UITests */,
				0ABC374F23E122CD004CA895 /* 算法基础 */,
				0ABC376B23E122CE004CA895 /* 算法基础Tests */,
				0ABC377623E122CE004CA895 /* 算法基础UITests */,
				0ABC36DA23DFCF92004CA895 /* Products */,
			);
			sourceTree = "<group>";
		};
		0ABC36DA23DFCF92004CA895 /* Products */ = {
			isa = PBXGroup;
			children = (
				0ABC36D923DFCF92004CA895 /* MyTest20200128.app */,
				0ABC36F423DFCF95004CA895 /* MyTest20200128Tests.xctest */,
				0ABC36FF23DFCF95004CA895 /* MyTest20200128UITests.xctest */,
				0ABC371523E12299004CA895 /* Objc底层.app */,
				0ABC372F23E1229B004CA895 /* Objc底层Tests.xctest */,
				0ABC373A23E1229B004CA895 /* Objc底层UITests.xctest */,
				0ABC374E23E122CD004CA895 /* 算法基础.app */,
				0ABC376823E122CE004CA895 /* 算法基础Tests.xctest */,
				0ABC377323E122CE004CA895 /* 算法基础UITests.xctest */,
			);
			name = Products;
			sourceTree = "<group>";
		};
		0ABC36DB23DFCF92004CA895 /* MyTest20200128 */ = {
			isa = PBXGroup;
			children = (
				0ABC36DC23DFCF92004CA895 /* AppDelegate.h */,
				0ABC36DD23DFCF92004CA895 /* AppDelegate.m */,
				0ABC36DF23DFCF92004CA895 /* SceneDelegate.h */,
				0ABC36E023DFCF92004CA895 /* SceneDelegate.m */,
				0ABC36E223DFCF92004CA895 /* ViewController.h */,
				0ABC36E323DFCF92004CA895 /* ViewController.m */,
				0ABC36E523DFCF92004CA895 /* Main.storyboard */,
				0ABC36E823DFCF95004CA895 /* Assets.xcassets */,
				0ABC36EA23DFCF95004CA895 /* LaunchScreen.storyboard */,
				0ABC36ED23DFCF95004CA895 /* Info.plist */,
				0ABC36EE23DFCF95004CA895 /* main.m */,
			);
			path = MyTest20200128;
			sourceTree = "<group>";
		};
		0ABC36F723DFCF95004CA895 /* MyTest20200128Tests */ = {
			isa = PBXGroup;
			children = (
				0ABC36F823DFCF95004CA895 /* MyTest20200128Tests.m */,
				0ABC36FA23DFCF95004CA895 /* Info.plist */,
			);
			path = MyTest20200128Tests;
			sourceTree = "<group>";
		};
		0ABC370223DFCF95004CA895 /* MyTest20200128UITests */ = {
			isa = PBXGroup;
			children = (
				0ABC370323DFCF95004CA895 /* MyTest20200128UITests.m */,
				0ABC370523DFCF95004CA895 /* Info.plist */,
			);
			path = MyTest20200128UITests;
			sourceTree = "<group>";
		};
		0ABC371623E12299004CA895 /* Objc底层 */ = {
			isa = PBXGroup;
			children = (
				0ABC371723E12299004CA895 /* AppDelegate.h */,
				0ABC371823E12299004CA895 /* AppDelegate.m */,
				0ABC371A23E12299004CA895 /* SceneDelegate.h */,
				0ABC371B23E12299004CA895 /* SceneDelegate.m */,
				0ABC371D23E12299004CA895 /* ViewController.h */,
				0ABC371E23E12299004CA895 /* ViewController.m */,
				0ABC378523E30531004CA895 /* JHPerson.h */,
				0ABC378C23F42653004CA895 /* JHAnimal.h */,
				0ABC378D23F42653004CA895 /* JHAnimal.m */,
				0ABC378623E30531004CA895 /* JHPerson.m */,
				0ABC378823ED680D004CA895 /* JHStudent.h */,
				0ABC378923ED680D004CA895 /* JHStudent.m */,
				0ABC372023E12299004CA895 /* Main.storyboard */,
				0ABC372323E1229B004CA895 /* Assets.xcassets */,
				0ABC372523E1229B004CA895 /* LaunchScreen.storyboard */,
				0ABC372823E1229B004CA895 /* Info.plist */,
				0ABC372923E1229B004CA895 /* main.m */,
				0ABC378323E13F2E004CA895 /* main-arm64.cpp */,
			);
			path = "Objc底层";
			sourceTree = "<group>";
		};
		0ABC373223E1229B004CA895 /* Objc底层Tests */ = {
			isa = PBXGroup;
			children = (
				0ABC373323E1229B004CA895 /* Objc__Tests.m */,
				0ABC373523E1229B004CA895 /* Info.plist */,
			);
			path = "Objc底层Tests";
			sourceTree = "<group>";
		};
		0ABC373D23E1229B004CA895 /* Objc底层UITests */ = {
			isa = PBXGroup;
			children = (
				0ABC373E23E1229B004CA895 /* Objc__UITests.m */,
				0ABC374023E1229B004CA895 /* Info.plist */,
			);
			path = "Objc底层UITests";
			sourceTree = "<group>";
		};
		0ABC374F23E122CD004CA895 /* 算法基础 */ = {
			isa = PBXGroup;
			children = (
				4CB143C82580DBCB006D8D37 /* 数组排序 */,
				0ABC375023E122CD004CA895 /* AppDelegate.h */,
				0ABC375123E122CD004CA895 /* AppDelegate.m */,
				0ABC375323E122CD004CA895 /* SceneDelegate.h */,
				0ABC375423E122CD004CA895 /* SceneDelegate.m */,
				0ABC375623E122CD004CA895 /* ViewController.h */,
				0ABC375723E122CD004CA895 /* ViewController.m */,
				0ABC375923E122CD004CA895 /* Main.storyboard */,
				0ABC375C23E122CD004CA895 /* Assets.xcassets */,
				0ABC375E23E122CD004CA895 /* LaunchScreen.storyboard */,
				0ABC376123E122CD004CA895 /* Info.plist */,
				0ABC376223E122CD004CA895 /* main.m */,
			);
			path = "算法基础";
			sourceTree = "<group>";
		};
		0ABC376B23E122CE004CA895 /* 算法基础Tests */ = {
			isa = PBXGroup;
			children = (
				0ABC376C23E122CE004CA895 /* ____Tests.m */,
				0ABC376E23E122CE004CA895 /* Info.plist */,
			);
			path = "算法基础Tests";
			sourceTree = "<group>";
		};
		0ABC377623E122CE004CA895 /* 算法基础UITests */ = {
			isa = PBXGroup;
			children = (
				0ABC377723E122CE004CA895 /* ____UITests.m */,
				0ABC377923E122CE004CA895 /* Info.plist */,
			);
			path = "算法基础UITests";
			sourceTree = "<group>";
		};
		4CB143C82580DBCB006D8D37 /* 数组排序 */ = {
			isa = PBXGroup;
			children = (
				4CB143C92580DBF7006D8D37 /* JHArrayTool.h */,
				4CB143CA2580DBF7006D8D37 /* JHArrayTool.m */,
			);
			path = "数组排序";
			sourceTree = "<group>";
		};
/* End PBXGroup section */

/* Begin PBXNativeTarget section */
		0ABC36D823DFCF92004CA895 /* MyTest20200128 */ = {
			isa = PBXNativeTarget;
			buildConfigurationList = 0ABC370823DFCF95004CA895 /* Build configuration list for PBXNativeTarget "MyTest20200128" */;
			buildPhases = (
				0ABC36D523DFCF92004CA895 /* Sources */,
				0ABC36D623DFCF92004CA895 /* Frameworks */,
				0ABC36D723DFCF92004CA895 /* Resources */,
			);
			buildRules = (
			);
			dependencies = (
			);
			name = MyTest20200128;
			productName = MyTest20200128;
			productReference = 0ABC36D923DFCF92004CA895 /* MyTest20200128.app */;
			productType = "com.apple.product-type.application";
		};
		0ABC36F323DFCF95004CA895 /* MyTest20200128Tests */ = {
			isa = PBXNativeTarget;
			buildConfigurationList = 0ABC370B23DFCF95004CA895 /* Build configuration list for PBXNativeTarget "MyTest20200128Tests" */;
			buildPhases = (
				0ABC36F023DFCF95004CA895 /* Sources */,
				0ABC36F123DFCF95004CA895 /* Frameworks */,
				0ABC36F223DFCF95004CA895 /* Resources */,
			);
			buildRules = (
			);
			dependencies = (
				0ABC36F623DFCF95004CA895 /* PBXTargetDependency */,
			);
			name = MyTest20200128Tests;
			productName = MyTest20200128Tests;
			productReference = 0ABC36F423DFCF95004CA895 /* MyTest20200128Tests.xctest */;
			productType = "com.apple.product-type.bundle.unit-test";
		};
		0ABC36FE23DFCF95004CA895 /* MyTest20200128UITests */ = {
			isa = PBXNativeTarget;
			buildConfigurationList = 0ABC370E23DFCF95004CA895 /* Build configuration list for PBXNativeTarget "MyTest20200128UITests" */;
			buildPhases = (
				0ABC36FB23DFCF95004CA895 /* Sources */,
				0ABC36FC23DFCF95004CA895 /* Frameworks */,
				0ABC36FD23DFCF95004CA895 /* Resources */,
			);
			buildRules = (
			);
			dependencies = (
				0ABC370123DFCF95004CA895 /* PBXTargetDependency */,
			);
			name = MyTest20200128UITests;
			productName = MyTest20200128UITests;
			productReference = 0ABC36FF23DFCF95004CA895 /* MyTest20200128UITests.xctest */;
			productType = "com.apple.product-type.bundle.ui-testing";
		};
		0ABC371423E12299004CA895 /* Objc底层 */ = {
			isa = PBXNativeTarget;
			buildConfigurationList = 0ABC374723E1229B004CA895 /* Build configuration list for PBXNativeTarget "Objc底层" */;
			buildPhases = (
				0ABC371123E12299004CA895 /* Sources */,
				0ABC371223E12299004CA895 /* Frameworks */,
				0ABC371323E12299004CA895 /* Resources */,
			);
			buildRules = (
			);
			dependencies = (
			);
			name = "Objc底层";
			productName = "Objc底层";
			productReference = 0ABC371523E12299004CA895 /* Objc底层.app */;
			productType = "com.apple.product-type.application";
		};
		0ABC372E23E1229B004CA895 /* Objc底层Tests */ = {
			isa = PBXNativeTarget;
			buildConfigurationList = 0ABC374823E1229B004CA895 /* Build configuration list for PBXNativeTarget "Objc底层Tests" */;
			buildPhases = (
				0ABC372B23E1229B004CA895 /* Sources */,
				0ABC372C23E1229B004CA895 /* Frameworks */,
				0ABC372D23E1229B004CA895 /* Resources */,
			);
			buildRules = (
			);
			dependencies = (
				0ABC373123E1229B004CA895 /* PBXTargetDependency */,
			);
			name = "Objc底层Tests";
			productName = "Objc底层Tests";
			productReference = 0ABC372F23E1229B004CA895 /* Objc底层Tests.xctest */;
			productType = "com.apple.product-type.bundle.unit-test";
		};
		0ABC373923E1229B004CA895 /* Objc底层UITests */ = {
			isa = PBXNativeTarget;
			buildConfigurationList = 0ABC374923E1229B004CA895 /* Build configuration list for PBXNativeTarget "Objc底层UITests" */;
			buildPhases = (
				0ABC373623E1229B004CA895 /* Sources */,
				0ABC373723E1229B004CA895 /* Frameworks */,
				0ABC373823E1229B004CA895 /* Resources */,
			);
			buildRules = (
			);
			dependencies = (
				0ABC373C23E1229B004CA895 /* PBXTargetDependency */,
			);
			name = "Objc底层UITests";
			productName = "Objc底层UITests";
			productReference = 0ABC373A23E1229B004CA895 /* Objc底层UITests.xctest */;
			productType = "com.apple.product-type.bundle.ui-testing";
		};
		0ABC374D23E122CD004CA895 /* 算法基础 */ = {
			isa = PBXNativeTarget;
			buildConfigurationList = 0ABC377A23E122CE004CA895 /* Build configuration list for PBXNativeTarget "算法基础" */;
			buildPhases = (
				0ABC374A23E122CD004CA895 /* Sources */,
				0ABC374B23E122CD004CA895 /* Frameworks */,
				0ABC374C23E122CD004CA895 /* Resources */,
			);
			buildRules = (
			);
			dependencies = (
			);
			name = "算法基础";
			productName = "算法基础";
			productReference = 0ABC374E23E122CD004CA895 /* 算法基础.app */;
			productType = "com.apple.product-type.application";
		};
		0ABC376723E122CE004CA895 /* 算法基础Tests */ = {
			isa = PBXNativeTarget;
			buildConfigurationList = 0ABC377D23E122CE004CA895 /* Build configuration list for PBXNativeTarget "算法基础Tests" */;
			buildPhases = (
				0ABC376423E122CE004CA895 /* Sources */,
				0ABC376523E122CE004CA895 /* Frameworks */,
				0ABC376623E122CE004CA895 /* Resources */,
			);
			buildRules = (
			);
			dependencies = (
				0ABC376A23E122CE004CA895 /* PBXTargetDependency */,
			);
			name = "算法基础Tests";
			productName = "算法基础Tests";
			productReference = 0ABC376823E122CE004CA895 /* 算法基础Tests.xctest */;
			productType = "com.apple.product-type.bundle.unit-test";
		};
		0ABC377223E122CE004CA895 /* 算法基础UITests */ = {
			isa = PBXNativeTarget;
			buildConfigurationList = 0ABC378023E122CE004CA895 /* Build configuration list for PBXNativeTarget "算法基础UITests" */;
			buildPhases = (
				0ABC376F23E122CE004CA895 /* Sources */,
				0ABC377023E122CE004CA895 /* Frameworks */,
				0ABC377123E122CE004CA895 /* Resources */,
			);
			buildRules = (
			);
			dependencies = (
				0ABC377523E122CE004CA895 /* PBXTargetDependency */,
			);
			name = "算法基础UITests";
			productName = "算法基础UITests";
			productReference = 0ABC377323E122CE004CA895 /* 算法基础UITests.xctest */;
			productType = "com.apple.product-type.bundle.ui-testing";
		};
/* End PBXNativeTarget section */

/* Begin PBXProject section */
		0ABC36D123DFCF92004CA895 /* Project object */ = {
			isa = PBXProject;
			attributes = {
				LastUpgradeCheck = 1130;
				ORGANIZATIONNAME = Kevin;
				TargetAttributes = {
					0ABC36D823DFCF92004CA895 = {
						CreatedOnToolsVersion = 11.3.1;
					};
					0ABC36F323DFCF95004CA895 = {
						CreatedOnToolsVersion = 11.3.1;
						TestTargetID = 0ABC36D823DFCF92004CA895;
					};
					0ABC36FE23DFCF95004CA895 = {
						CreatedOnToolsVersion = 11.3.1;
						TestTargetID = 0ABC36D823DFCF92004CA895;
					};
					0ABC371423E12299004CA895 = {
						CreatedOnToolsVersion = 11.3.1;
					};
					0ABC372E23E1229B004CA895 = {
						CreatedOnToolsVersion = 11.3.1;
						TestTargetID = 0ABC371423E12299004CA895;
					};
					0ABC373923E1229B004CA895 = {
						CreatedOnToolsVersion = 11.3.1;
						TestTargetID = 0ABC371423E12299004CA895;
					};
					0ABC374D23E122CD004CA895 = {
						CreatedOnToolsVersion = 11.3.1;
					};
					0ABC376723E122CE004CA895 = {
						CreatedOnToolsVersion = 11.3.1;
						TestTargetID = 0ABC374D23E122CD004CA895;
					};
					0ABC377223E122CE004CA895 = {
						CreatedOnToolsVersion = 11.3.1;
						TestTargetID = 0ABC374D23E122CD004CA895;
					};
				};
			};
			buildConfigurationList = 0ABC36D423DFCF92004CA895 /* Build configuration list for PBXProject "MyTest20200128" */;
			compatibilityVersion = "Xcode 9.3";
			developmentRegion = en;
			hasScannedForEncodings = 0;
			knownRegions = (
				en,
				Base,
			);
			mainGroup = 0ABC36D023DFCF92004CA895;
			productRefGroup = 0ABC36DA23DFCF92004CA895 /* Products */;
			projectDirPath = "";
			projectRoot = "";
			targets = (
				0ABC36D823DFCF92004CA895 /* MyTest20200128 */,
				0ABC36F323DFCF95004CA895 /* MyTest20200128Tests */,
				0ABC36FE23DFCF95004CA895 /* MyTest20200128UITests */,
				0ABC371423E12299004CA895 /* Objc底层 */,
				0ABC372E23E1229B004CA895 /* Objc底层Tests */,
				0ABC373923E1229B004CA895 /* Objc底层UITests */,
				0ABC374D23E122CD004CA895 /* 算法基础 */,
				0ABC376723E122CE004CA895 /* 算法基础Tests */,
				0ABC377223E122CE004CA895 /* 算法基础UITests */,
			);
		};
/* End PBXProject section */

/* Begin PBXResourcesBuildPhase section */
		0ABC36D723DFCF92004CA895 /* Resources */ = {
			isa = PBXResourcesBuildPhase;
			buildActionMask = 2147483647;
			files = (
				0ABC36EC23DFCF95004CA895 /* LaunchScreen.storyboard in Resources */,
				0ABC36E923DFCF95004CA895 /* Assets.xcassets in Resources */,
				0ABC36E723DFCF92004CA895 /* Main.storyboard in Resources */,
			);
			runOnlyForDeploymentPostprocessing = 0;
		};
		0ABC36F223DFCF95004CA895 /* Resources */ = {
			isa = PBXResourcesBuildPhase;
			buildActionMask = 2147483647;
			files = (
			);
			runOnlyForDeploymentPostprocessing = 0;
		};
		0ABC36FD23DFCF95004CA895 /* Resources */ = {
			isa = PBXResourcesBuildPhase;
			buildActionMask = 2147483647;
			files = (
			);
			runOnlyForDeploymentPostprocessing = 0;
		};
		0ABC371323E12299004CA895 /* Resources */ = {
			isa = PBXResourcesBuildPhase;
			buildActionMask = 2147483647;
			files = (
				0ABC372723E1229B004CA895 /* LaunchScreen.storyboard in Resources */,
				0ABC372423E1229B004CA895 /* Assets.xcassets in Resources */,
				0ABC372223E12299004CA895 /* Main.storyboard in Resources */,
			);
			runOnlyForDeploymentPostprocessing = 0;
		};
		0ABC372D23E1229B004CA895 /* Resources */ = {
			isa = PBXResourcesBuildPhase;
			buildActionMask = 2147483647;
			files = (
			);
			runOnlyForDeploymentPostprocessing = 0;
		};
		0ABC373823E1229B004CA895 /* Resources */ = {
			isa = PBXResourcesBuildPhase;
			buildActionMask = 2147483647;
			files = (
			);
			runOnlyForDeploymentPostprocessing = 0;
		};
		0ABC374C23E122CD004CA895 /* Resources */ = {
			isa = PBXResourcesBuildPhase;
			buildActionMask = 2147483647;
			files = (
				0ABC376023E122CD004CA895 /* LaunchScreen.storyboard in Resources */,
				0ABC375D23E122CD004CA895 /* Assets.xcassets in Resources */,
				0ABC375B23E122CD004CA895 /* Main.storyboard in Resources */,
			);
			runOnlyForDeploymentPostprocessing = 0;
		};
		0ABC376623E122CE004CA895 /* Resources */ = {
			isa = PBXResourcesBuildPhase;
			buildActionMask = 2147483647;
			files = (
			);
			runOnlyForDeploymentPostprocessing = 0;
		};
		0ABC377123E122CE004CA895 /* Resources */ = {
			isa = PBXResourcesBuildPhase;
			buildActionMask = 2147483647;
			files = (
			);
			runOnlyForDeploymentPostprocessing = 0;
		};
/* End PBXResourcesBuildPhase section */

/* Begin PBXSourcesBuildPhase section */
		0ABC36D523DFCF92004CA895 /* Sources */ = {
			isa = PBXSourcesBuildPhase;
			buildActionMask = 2147483647;
			files = (
				0ABC36E423DFCF92004CA895 /* ViewController.m in Sources */,
				0ABC36DE23DFCF92004CA895 /* AppDelegate.m in Sources */,
				0ABC36EF23DFCF95004CA895 /* main.m in Sources */,
				0ABC36E123DFCF92004CA895 /* SceneDelegate.m in Sources */,
			);
			runOnlyForDeploymentPostprocessing = 0;
		};
		0ABC36F023DFCF95004CA895 /* Sources */ = {
			isa = PBXSourcesBuildPhase;
			buildActionMask = 2147483647;
			files = (
				0ABC36F923DFCF95004CA895 /* MyTest20200128Tests.m in Sources */,
			);
			runOnlyForDeploymentPostprocessing = 0;
		};
		0ABC36FB23DFCF95004CA895 /* Sources */ = {
			isa = PBXSourcesBuildPhase;
			buildActionMask = 2147483647;
			files = (
				0ABC370423DFCF95004CA895 /* MyTest20200128UITests.m in Sources */,
			);
			runOnlyForDeploymentPostprocessing = 0;
		};
		0ABC371123E12299004CA895 /* Sources */ = {
			isa = PBXSourcesBuildPhase;
			buildActionMask = 2147483647;
			files = (
				0ABC371F23E12299004CA895 /* ViewController.m in Sources */,
				0ABC378723E30532004CA895 /* JHPerson.m in Sources */,
				0ABC378E23F42653004CA895 /* JHAnimal.m in Sources */,
				0ABC371923E12299004CA895 /* AppDelegate.m in Sources */,
				0ABC378A23ED680E004CA895 /* JHStudent.m in Sources */,
				0ABC372A23E1229B004CA895 /* main.m in Sources */,
				0ABC371C23E12299004CA895 /* SceneDelegate.m in Sources */,
			);
			runOnlyForDeploymentPostprocessing = 0;
		};
		0ABC372B23E1229B004CA895 /* Sources */ = {
			isa = PBXSourcesBuildPhase;
			buildActionMask = 2147483647;
			files = (
				0ABC373423E1229B004CA895 /* Objc__Tests.m in Sources */,
			);
			runOnlyForDeploymentPostprocessing = 0;
		};
		0ABC373623E1229B004CA895 /* Sources */ = {
			isa = PBXSourcesBuildPhase;
			buildActionMask = 2147483647;
			files = (
				0ABC373F23E1229B004CA895 /* Objc__UITests.m in Sources */,
			);
			runOnlyForDeploymentPostprocessing = 0;
		};
		0ABC374A23E122CD004CA895 /* Sources */ = {
			isa = PBXSourcesBuildPhase;
			buildActionMask = 2147483647;
			files = (
				0ABC375823E122CD004CA895 /* ViewController.m in Sources */,
				0ABC375223E122CD004CA895 /* AppDelegate.m in Sources */,
				4CB143CB2580DBF7006D8D37 /* JHArrayTool.m in Sources */,
				0ABC376323E122CD004CA895 /* main.m in Sources */,
				0ABC375523E122CD004CA895 /* SceneDelegate.m in Sources */,
			);
			runOnlyForDeploymentPostprocessing = 0;
		};
		0ABC376423E122CE004CA895 /* Sources */ = {
			isa = PBXSourcesBuildPhase;
			buildActionMask = 2147483647;
			files = (
				0ABC376D23E122CE004CA895 /* ____Tests.m in Sources */,
			);
			runOnlyForDeploymentPostprocessing = 0;
		};
		0ABC376F23E122CE004CA895 /* Sources */ = {
			isa = PBXSourcesBuildPhase;
			buildActionMask = 2147483647;
			files = (
				0ABC377823E122CE004CA895 /* ____UITests.m in Sources */,
			);
			runOnlyForDeploymentPostprocessing = 0;
		};
/* End PBXSourcesBuildPhase section */

/* Begin PBXTargetDependency section */
		0ABC36F623DFCF95004CA895 /* PBXTargetDependency */ = {
			isa = PBXTargetDependency;
			target = 0ABC36D823DFCF92004CA895 /* MyTest20200128 */;
			targetProxy = 0ABC36F523DFCF95004CA895 /* PBXContainerItemProxy */;
		};
		0ABC370123DFCF95004CA895 /* PBXTargetDependency */ = {
			isa = PBXTargetDependency;
			target = 0ABC36D823DFCF92004CA895 /* MyTest20200128 */;
			targetProxy = 0ABC370023DFCF95004CA895 /* PBXContainerItemProxy */;
		};
		0ABC373123E1229B004CA895 /* PBXTargetDependency */ = {
			isa = PBXTargetDependency;
			target = 0ABC371423E12299004CA895 /* Objc底层 */;
			targetProxy = 0ABC373023E1229B004CA895 /* PBXContainerItemProxy */;
		};
		0ABC373C23E1229B004CA895 /* PBXTargetDependency */ = {
			isa = PBXTargetDependency;
			target = 0ABC371423E12299004CA895 /* Objc底层 */;
			targetProxy = 0ABC373B23E1229B004CA895 /* PBXContainerItemProxy */;
		};
		0ABC376A23E122CE004CA895 /* PBXTargetDependency */ = {
			isa = PBXTargetDependency;
			target = 0ABC374D23E122CD004CA895 /* 算法基础 */;
			targetProxy = 0ABC376923E122CE004CA895 /* PBXContainerItemProxy */;
		};
		0ABC377523E122CE004CA895 /* PBXTargetDependency */ = {
			isa = PBXTargetDependency;
			target = 0ABC374D23E122CD004CA895 /* 算法基础 */;
			targetProxy = 0ABC377423E122CE004CA895 /* PBXContainerItemProxy */;
		};
/* End PBXTargetDependency section */

/* Begin PBXVariantGroup section */
		0ABC36E523DFCF92004CA895 /* Main.storyboard */ = {
			isa = PBXVariantGroup;
			children = (
				0ABC36E623DFCF92004CA895 /* Base */,
			);
			name = Main.storyboard;
			sourceTree = "<group>";
		};
		0ABC36EA23DFCF95004CA895 /* LaunchScreen.storyboard */ = {
			isa = PBXVariantGroup;
			children = (
				0ABC36EB23DFCF95004CA895 /* Base */,
			);
			name = LaunchScreen.storyboard;
			sourceTree = "<group>";
		};
		0ABC372023E12299004CA895 /* Main.storyboard */ = {
			isa = PBXVariantGroup;
			children = (
				0ABC372123E12299004CA895 /* Base */,
			);
			name = Main.storyboard;
			sourceTree = "<group>";
		};
		0ABC372523E1229B004CA895 /* LaunchScreen.storyboard */ = {
			isa = PBXVariantGroup;
			children = (
				0ABC372623E1229B004CA895 /* Base */,
			);
			name = LaunchScreen.storyboard;
			sourceTree = "<group>";
		};
		0ABC375923E122CD004CA895 /* Main.storyboard */ = {
			isa = PBXVariantGroup;
			children = (
				0ABC375A23E122CD004CA895 /* Base */,
			);
			name = Main.storyboard;
			sourceTree = "<group>";
		};
		0ABC375E23E122CD004CA895 /* LaunchScreen.storyboard */ = {
			isa = PBXVariantGroup;
			children = (
				0ABC375F23E122CD004CA895 /* Base */,
			);
			name = LaunchScreen.storyboard;
			sourceTree = "<group>";
		};
/* End PBXVariantGroup section */

/* Begin XCBuildConfiguration section */
		0ABC370623DFCF95004CA895 /* Debug */ = {
			isa = XCBuildConfiguration;
			buildSettings = {
				ALWAYS_SEARCH_USER_PATHS = NO;
				CLANG_ANALYZER_NONNULL = YES;
				CLANG_ANALYZER_NUMBER_OBJECT_CONVERSION = YES_AGGRESSIVE;
				CLANG_CXX_LANGUAGE_STANDARD = "gnu++14";
				CLANG_CXX_LIBRARY = "libc++";
				CLANG_ENABLE_MODULES = YES;
				CLANG_ENABLE_OBJC_ARC = YES;
				CLANG_ENABLE_OBJC_WEAK = YES;
				CLANG_WARN_BLOCK_CAPTURE_AUTORELEASING = YES;
				CLANG_WARN_BOOL_CONVERSION = YES;
				CLANG_WARN_COMMA = YES;
				CLANG_WARN_CONSTANT_CONVERSION = YES;
				CLANG_WARN_DEPRECATED_OBJC_IMPLEMENTATIONS = YES;
				CLANG_WARN_DIRECT_OBJC_ISA_USAGE = YES_ERROR;
				CLANG_WARN_DOCUMENTATION_COMMENTS = YES;
				CLANG_WARN_EMPTY_BODY = YES;
				CLANG_WARN_ENUM_CONVERSION = YES;
				CLANG_WARN_INFINITE_RECURSION = YES;
				CLANG_WARN_INT_CONVERSION = YES;
				CLANG_WARN_NON_LITERAL_NULL_CONVERSION = YES;
				CLANG_WARN_OBJC_IMPLICIT_RETAIN_SELF = YES;
				CLANG_WARN_OBJC_LITERAL_CONVERSION = YES;
				CLANG_WARN_OBJC_ROOT_CLASS = YES_ERROR;
				CLANG_WARN_RANGE_LOOP_ANALYSIS = YES;
				CLANG_WARN_STRICT_PROTOTYPES = YES;
				CLANG_WARN_SUSPICIOUS_MOVE = YES;
				CLANG_WARN_UNGUARDED_AVAILABILITY = YES_AGGRESSIVE;
				CLANG_WARN_UNREACHABLE_CODE = YES;
				CLANG_WARN__DUPLICATE_METHOD_MATCH = YES;
				COPY_PHASE_STRIP = NO;
				DEBUG_INFORMATION_FORMAT = dwarf;
				ENABLE_STRICT_OBJC_MSGSEND = YES;
				ENABLE_TESTABILITY = YES;
				GCC_C_LANGUAGE_STANDARD = gnu11;
				GCC_DYNAMIC_NO_PIC = NO;
				GCC_NO_COMMON_BLOCKS = YES;
				GCC_OPTIMIZATION_LEVEL = 0;
				GCC_PREPROCESSOR_DEFINITIONS = (
					"DEBUG=1",
					"$(inherited)",
				);
				GCC_WARN_64_TO_32_BIT_CONVERSION = YES;
				GCC_WARN_ABOUT_RETURN_TYPE = YES_ERROR;
				GCC_WARN_UNDECLARED_SELECTOR = YES;
				GCC_WARN_UNINITIALIZED_AUTOS = YES_AGGRESSIVE;
				GCC_WARN_UNUSED_FUNCTION = YES;
				GCC_WARN_UNUSED_VARIABLE = YES;
				IPHONEOS_DEPLOYMENT_TARGET = 13.2;
				MTL_ENABLE_DEBUG_INFO = INCLUDE_SOURCE;
				MTL_FAST_MATH = YES;
				ONLY_ACTIVE_ARCH = YES;
				SDKROOT = iphoneos;
			};
			name = Debug;
		};
		0ABC370723DFCF95004CA895 /* Release */ = {
			isa = XCBuildConfiguration;
			buildSettings = {
				ALWAYS_SEARCH_USER_PATHS = NO;
				CLANG_ANALYZER_NONNULL = YES;
				CLANG_ANALYZER_NUMBER_OBJECT_CONVERSION = YES_AGGRESSIVE;
				CLANG_CXX_LANGUAGE_STANDARD = "gnu++14";
				CLANG_CXX_LIBRARY = "libc++";
				CLANG_ENABLE_MODULES = YES;
				CLANG_ENABLE_OBJC_ARC = YES;
				CLANG_ENABLE_OBJC_WEAK = YES;
				CLANG_WARN_BLOCK_CAPTURE_AUTORELEASING = YES;
				CLANG_WARN_BOOL_CONVERSION = YES;
				CLANG_WARN_COMMA = YES;
				CLANG_WARN_CONSTANT_CONVERSION = YES;
				CLANG_WARN_DEPRECATED_OBJC_IMPLEMENTATIONS = YES;
				CLANG_WARN_DIRECT_OBJC_ISA_USAGE = YES_ERROR;
				CLANG_WARN_DOCUMENTATION_COMMENTS = YES;
				CLANG_WARN_EMPTY_BODY = YES;
				CLANG_WARN_ENUM_CONVERSION = YES;
				CLANG_WARN_INFINITE_RECURSION = YES;
				CLANG_WARN_INT_CONVERSION = YES;
				CLANG_WARN_NON_LITERAL_NULL_CONVERSION = YES;
				CLANG_WARN_OBJC_IMPLICIT_RETAIN_SELF = YES;
				CLANG_WARN_OBJC_LITERAL_CONVERSION = YES;
				CLANG_WARN_OBJC_ROOT_CLASS = YES_ERROR;
				CLANG_WARN_RANGE_LOOP_ANALYSIS = YES;
				CLANG_WARN_STRICT_PROTOTYPES = YES;
				CLANG_WARN_SUSPICIOUS_MOVE = YES;
				CLANG_WARN_UNGUARDED_AVAILABILITY = YES_AGGRESSIVE;
				CLANG_WARN_UNREACHABLE_CODE = YES;
				CLANG_WARN__DUPLICATE_METHOD_MATCH = YES;
				COPY_PHASE_STRIP = NO;
				DEBUG_INFORMATION_FORMAT = "dwarf-with-dsym";
				ENABLE_NS_ASSERTIONS = NO;
				ENABLE_STRICT_OBJC_MSGSEND = YES;
				GCC_C_LANGUAGE_STANDARD = gnu11;
				GCC_NO_COMMON_BLOCKS = YES;
				GCC_WARN_64_TO_32_BIT_CONVERSION = YES;
				GCC_WARN_ABOUT_RETURN_TYPE = YES_ERROR;
				GCC_WARN_UNDECLARED_SELECTOR = YES;
				GCC_WARN_UNINITIALIZED_AUTOS = YES_AGGRESSIVE;
				GCC_WARN_UNUSED_FUNCTION = YES;
				GCC_WARN_UNUSED_VARIABLE = YES;
				IPHONEOS_DEPLOYMENT_TARGET = 13.2;
				MTL_ENABLE_DEBUG_INFO = NO;
				MTL_FAST_MATH = YES;
				SDKROOT = iphoneos;
				VALIDATE_PRODUCT = YES;
			};
			name = Release;
		};
		0ABC370923DFCF95004CA895 /* Debug */ = {
			isa = XCBuildConfiguration;
			buildSettings = {
				ASSETCATALOG_COMPILER_APPICON_NAME = AppIcon;
				CODE_SIGN_STYLE = Automatic;
				INFOPLIST_FILE = MyTest20200128/Info.plist;
				LD_RUNPATH_SEARCH_PATHS = (
					"$(inherited)",
					"@executable_path/Frameworks",
				);
				PRODUCT_BUNDLE_IDENTIFIER = com.coding.Kevin.MyTest20200128;
				PRODUCT_NAME = "$(TARGET_NAME)";
				TARGETED_DEVICE_FAMILY = "1,2";
			};
			name = Debug;
		};
		0ABC370A23DFCF95004CA895 /* Release */ = {
			isa = XCBuildConfiguration;
			buildSettings = {
				ASSETCATALOG_COMPILER_APPICON_NAME = AppIcon;
				CODE_SIGN_STYLE = Automatic;
				INFOPLIST_FILE = MyTest20200128/Info.plist;
				LD_RUNPATH_SEARCH_PATHS = (
					"$(inherited)",
					"@executable_path/Frameworks",
				);
				PRODUCT_BUNDLE_IDENTIFIER = com.coding.Kevin.MyTest20200128;
				PRODUCT_NAME = "$(TARGET_NAME)";
				TARGETED_DEVICE_FAMILY = "1,2";
			};
			name = Release;
		};
		0ABC370C23DFCF95004CA895 /* Debug */ = {
			isa = XCBuildConfiguration;
			buildSettings = {
				BUNDLE_LOADER = "$(TEST_HOST)";
				CODE_SIGN_STYLE = Automatic;
				INFOPLIST_FILE = MyTest20200128Tests/Info.plist;
				IPHONEOS_DEPLOYMENT_TARGET = 13.2;
				LD_RUNPATH_SEARCH_PATHS = (
					"$(inherited)",
					"@executable_path/Frameworks",
					"@loader_path/Frameworks",
				);
				PRODUCT_BUNDLE_IDENTIFIER = com.coding.Kevin.MyTest20200128Tests;
				PRODUCT_NAME = "$(TARGET_NAME)";
				TARGETED_DEVICE_FAMILY = "1,2";
				TEST_HOST = "$(BUILT_PRODUCTS_DIR)/MyTest20200128.app/MyTest20200128";
			};
			name = Debug;
		};
		0ABC370D23DFCF95004CA895 /* Release */ = {
			isa = XCBuildConfiguration;
			buildSettings = {
				BUNDLE_LOADER = "$(TEST_HOST)";
				CODE_SIGN_STYLE = Automatic;
				INFOPLIST_FILE = MyTest20200128Tests/Info.plist;
				IPHONEOS_DEPLOYMENT_TARGET = 13.2;
				LD_RUNPATH_SEARCH_PATHS = (
					"$(inherited)",
					"@executable_path/Frameworks",
					"@loader_path/Frameworks",
				);
				PRODUCT_BUNDLE_IDENTIFIER = com.coding.Kevin.MyTest20200128Tests;
				PRODUCT_NAME = "$(TARGET_NAME)";
				TARGETED_DEVICE_FAMILY = "1,2";
				TEST_HOST = "$(BUILT_PRODUCTS_DIR)/MyTest20200128.app/MyTest20200128";
			};
			name = Release;
		};
		0ABC370F23DFCF95004CA895 /* Debug */ = {
			isa = XCBuildConfiguration;
			buildSettings = {
				CODE_SIGN_STYLE = Automatic;
				INFOPLIST_FILE = MyTest20200128UITests/Info.plist;
				LD_RUNPATH_SEARCH_PATHS = (
					"$(inherited)",
					"@executable_path/Frameworks",
					"@loader_path/Frameworks",
				);
				PRODUCT_BUNDLE_IDENTIFIER = com.coding.Kevin.MyTest20200128UITests;
				PRODUCT_NAME = "$(TARGET_NAME)";
				TARGETED_DEVICE_FAMILY = "1,2";
				TEST_TARGET_NAME = MyTest20200128;
			};
			name = Debug;
		};
		0ABC371023DFCF95004CA895 /* Release */ = {
			isa = XCBuildConfiguration;
			buildSettings = {
				CODE_SIGN_STYLE = Automatic;
				INFOPLIST_FILE = MyTest20200128UITests/Info.plist;
				LD_RUNPATH_SEARCH_PATHS = (
					"$(inherited)",
					"@executable_path/Frameworks",
					"@loader_path/Frameworks",
				);
				PRODUCT_BUNDLE_IDENTIFIER = com.coding.Kevin.MyTest20200128UITests;
				PRODUCT_NAME = "$(TARGET_NAME)";
				TARGETED_DEVICE_FAMILY = "1,2";
				TEST_TARGET_NAME = MyTest20200128;
			};
			name = Release;
		};
		0ABC374123E1229B004CA895 /* Debug */ = {
			isa = XCBuildConfiguration;
			buildSettings = {
				ASSETCATALOG_COMPILER_APPICON_NAME = AppIcon;
				CODE_SIGN_STYLE = Automatic;
				INFOPLIST_FILE = "Objc底层/Info.plist";
				LD_RUNPATH_SEARCH_PATHS = (
					"$(inherited)",
					"@executable_path/Frameworks",
				);
				PRODUCT_BUNDLE_IDENTIFIER = "com.coding.Kevin.Objc--";
				PRODUCT_NAME = "$(TARGET_NAME)";
				TARGETED_DEVICE_FAMILY = "1,2";
			};
			name = Debug;
		};
		0ABC374223E1229B004CA895 /* Release */ = {
			isa = XCBuildConfiguration;
			buildSettings = {
				ASSETCATALOG_COMPILER_APPICON_NAME = AppIcon;
				CODE_SIGN_STYLE = Automatic;
				INFOPLIST_FILE = "Objc底层/Info.plist";
				LD_RUNPATH_SEARCH_PATHS = (
					"$(inherited)",
					"@executable_path/Frameworks",
				);
				PRODUCT_BUNDLE_IDENTIFIER = "com.coding.Kevin.Objc--";
				PRODUCT_NAME = "$(TARGET_NAME)";
				TARGETED_DEVICE_FAMILY = "1,2";
			};
			name = Release;
		};
		0ABC374323E1229B004CA895 /* Debug */ = {
			isa = XCBuildConfiguration;
			buildSettings = {
				BUNDLE_LOADER = "$(TEST_HOST)";
				CODE_SIGN_STYLE = Automatic;
				INFOPLIST_FILE = "Objc底层Tests/Info.plist";
				IPHONEOS_DEPLOYMENT_TARGET = 13.2;
				LD_RUNPATH_SEARCH_PATHS = (
					"$(inherited)",
					"@executable_path/Frameworks",
					"@loader_path/Frameworks",
				);
				PRODUCT_BUNDLE_IDENTIFIER = "com.coding.Kevin.Objc--Tests";
				PRODUCT_NAME = "$(TARGET_NAME)";
				TARGETED_DEVICE_FAMILY = "1,2";
				TEST_HOST = "$(BUILT_PRODUCTS_DIR)/Objc底层.app/Objc底层";
			};
			name = Debug;
		};
		0ABC374423E1229B004CA895 /* Release */ = {
			isa = XCBuildConfiguration;
			buildSettings = {
				BUNDLE_LOADER = "$(TEST_HOST)";
				CODE_SIGN_STYLE = Automatic;
				INFOPLIST_FILE = "Objc底层Tests/Info.plist";
				IPHONEOS_DEPLOYMENT_TARGET = 13.2;
				LD_RUNPATH_SEARCH_PATHS = (
					"$(inherited)",
					"@executable_path/Frameworks",
					"@loader_path/Frameworks",
				);
				PRODUCT_BUNDLE_IDENTIFIER = "com.coding.Kevin.Objc--Tests";
				PRODUCT_NAME = "$(TARGET_NAME)";
				TARGETED_DEVICE_FAMILY = "1,2";
				TEST_HOST = "$(BUILT_PRODUCTS_DIR)/Objc底层.app/Objc底层";
			};
			name = Release;
		};
		0ABC374523E1229B004CA895 /* Debug */ = {
			isa = XCBuildConfiguration;
			buildSettings = {
				CODE_SIGN_STYLE = Automatic;
				INFOPLIST_FILE = "Objc底层UITests/Info.plist";
				LD_RUNPATH_SEARCH_PATHS = (
					"$(inherited)",
					"@executable_path/Frameworks",
					"@loader_path/Frameworks",
				);
				PRODUCT_BUNDLE_IDENTIFIER = "com.coding.Kevin.Objc--UITests";
				PRODUCT_NAME = "$(TARGET_NAME)";
				TARGETED_DEVICE_FAMILY = "1,2";
				TEST_TARGET_NAME = "Objc底层";
			};
			name = Debug;
		};
		0ABC374623E1229B004CA895 /* Release */ = {
			isa = XCBuildConfiguration;
			buildSettings = {
				CODE_SIGN_STYLE = Automatic;
				INFOPLIST_FILE = "Objc底层UITests/Info.plist";
				LD_RUNPATH_SEARCH_PATHS = (
					"$(inherited)",
					"@executable_path/Frameworks",
					"@loader_path/Frameworks",
				);
				PRODUCT_BUNDLE_IDENTIFIER = "com.coding.Kevin.Objc--UITests";
				PRODUCT_NAME = "$(TARGET_NAME)";
				TARGETED_DEVICE_FAMILY = "1,2";
				TEST_TARGET_NAME = "Objc底层";
			};
			name = Release;
		};
		0ABC377B23E122CE004CA895 /* Debug */ = {
			isa = XCBuildConfiguration;
			buildSettings = {
				ASSETCATALOG_COMPILER_APPICON_NAME = AppIcon;
				CODE_SIGN_STYLE = Automatic;
				INFOPLIST_FILE = "算法基础/Info.plist";
				LD_RUNPATH_SEARCH_PATHS = (
					"$(inherited)",
					"@executable_path/Frameworks",
				);
				PRODUCT_BUNDLE_IDENTIFIER = "com.coding.Kevin.----";
				PRODUCT_NAME = "$(TARGET_NAME)";
				TARGETED_DEVICE_FAMILY = "1,2";
			};
			name = Debug;
		};
		0ABC377C23E122CE004CA895 /* Release */ = {
			isa = XCBuildConfiguration;
			buildSettings = {
				ASSETCATALOG_COMPILER_APPICON_NAME = AppIcon;
				CODE_SIGN_STYLE = Automatic;
				INFOPLIST_FILE = "算法基础/Info.plist";
				LD_RUNPATH_SEARCH_PATHS = (
					"$(inherited)",
					"@executable_path/Frameworks",
				);
				PRODUCT_BUNDLE_IDENTIFIER = "com.coding.Kevin.----";
				PRODUCT_NAME = "$(TARGET_NAME)";
				TARGETED_DEVICE_FAMILY = "1,2";
			};
			name = Release;
		};
		0ABC377E23E122CE004CA895 /* Debug */ = {
			isa = XCBuildConfiguration;
			buildSettings = {
				BUNDLE_LOADER = "$(TEST_HOST)";
				CODE_SIGN_STYLE = Automatic;
				INFOPLIST_FILE = "算法基础Tests/Info.plist";
				IPHONEOS_DEPLOYMENT_TARGET = 13.2;
				LD_RUNPATH_SEARCH_PATHS = (
					"$(inherited)",
					"@executable_path/Frameworks",
					"@loader_path/Frameworks",
				);
				PRODUCT_BUNDLE_IDENTIFIER = "com.coding.Kevin.----Tests";
				PRODUCT_NAME = "$(TARGET_NAME)";
				TARGETED_DEVICE_FAMILY = "1,2";
				TEST_HOST = "$(BUILT_PRODUCTS_DIR)/算法基础.app/算法基础";
			};
			name = Debug;
		};
		0ABC377F23E122CE004CA895 /* Release */ = {
			isa = XCBuildConfiguration;
			buildSettings = {
				BUNDLE_LOADER = "$(TEST_HOST)";
				CODE_SIGN_STYLE = Automatic;
				INFOPLIST_FILE = "算法基础Tests/Info.plist";
				IPHONEOS_DEPLOYMENT_TARGET = 13.2;
				LD_RUNPATH_SEARCH_PATHS = (
					"$(inherited)",
					"@executable_path/Frameworks",
					"@loader_path/Frameworks",
				);
				PRODUCT_BUNDLE_IDENTIFIER = "com.coding.Kevin.----Tests";
				PRODUCT_NAME = "$(TARGET_NAME)";
				TARGETED_DEVICE_FAMILY = "1,2";
				TEST_HOST = "$(BUILT_PRODUCTS_DIR)/算法基础.app/算法基础";
			};
			name = Release;
		};
		0ABC378123E122CE004CA895 /* Debug */ = {
			isa = XCBuildConfiguration;
			buildSettings = {
				CODE_SIGN_STYLE = Automatic;
				INFOPLIST_FILE = "算法基础UITests/Info.plist";
				LD_RUNPATH_SEARCH_PATHS = (
					"$(inherited)",
					"@executable_path/Frameworks",
					"@loader_path/Frameworks",
				);
				PRODUCT_BUNDLE_IDENTIFIER = "com.coding.Kevin.----UITests";
				PRODUCT_NAME = "$(TARGET_NAME)";
				TARGETED_DEVICE_FAMILY = "1,2";
				TEST_TARGET_NAME = "算法基础";
			};
			name = Debug;
		};
		0ABC378223E122CE004CA895 /* Release */ = {
			isa = XCBuildConfiguration;
			buildSettings = {
				CODE_SIGN_STYLE = Automatic;
				INFOPLIST_FILE = "算法基础UITests/Info.plist";
				LD_RUNPATH_SEARCH_PATHS = (
					"$(inherited)",
					"@executable_path/Frameworks",
					"@loader_path/Frameworks",
				);
				PRODUCT_BUNDLE_IDENTIFIER = "com.coding.Kevin.----UITests";
				PRODUCT_NAME = "$(TARGET_NAME)";
				TARGETED_DEVICE_FAMILY = "1,2";
				TEST_TARGET_NAME = "算法基础";
			};
			name = Release;
		};
/* End XCBuildConfiguration section */

/* Begin XCConfigurationList section */
		0ABC36D423DFCF92004CA895 /* Build configuration list for PBXProject "MyTest20200128" */ = {
			isa = XCConfigurationList;
			buildConfigurations = (
				0ABC370623DFCF95004CA895 /* Debug */,
				0ABC370723DFCF95004CA895 /* Release */,
			);
			defaultConfigurationIsVisible = 0;
			defaultConfigurationName = Release;
		};
		0ABC370823DFCF95004CA895 /* Build configuration list for PBXNativeTarget "MyTest20200128" */ = {
			isa = XCConfigurationList;
			buildConfigurations = (
				0ABC370923DFCF95004CA895 /* Debug */,
				0ABC370A23DFCF95004CA895 /* Release */,
			);
			defaultConfigurationIsVisible = 0;
			defaultConfigurationName = Release;
		};
		0ABC370B23DFCF95004CA895 /* Build configuration list for PBXNativeTarget "MyTest20200128Tests" */ = {
			isa = XCConfigurationList;
			buildConfigurations = (
				0ABC370C23DFCF95004CA895 /* Debug */,
				0ABC370D23DFCF95004CA895 /* Release */,
			);
			defaultConfigurationIsVisible = 0;
			defaultConfigurationName = Release;
		};
		0ABC370E23DFCF95004CA895 /* Build configuration list for PBXNativeTarget "MyTest20200128UITests" */ = {
			isa = XCConfigurationList;
			buildConfigurations = (
				0ABC370F23DFCF95004CA895 /* Debug */,
				0ABC371023DFCF95004CA895 /* Release */,
			);
			defaultConfigurationIsVisible = 0;
			defaultConfigurationName = Release;
		};
		0ABC374723E1229B004CA895 /* Build configuration list for PBXNativeTarget "Objc底层" */ = {
			isa = XCConfigurationList;
			buildConfigurations = (
				0ABC374123E1229B004CA895 /* Debug */,
				0ABC374223E1229B004CA895 /* Release */,
			);
			defaultConfigurationIsVisible = 0;
			defaultConfigurationName = Release;
		};
		0ABC374823E1229B004CA895 /* Build configuration list for PBXNativeTarget "Objc底层Tests" */ = {
			isa = XCConfigurationList;
			buildConfigurations = (
				0ABC374323E1229B004CA895 /* Debug */,
				0ABC374423E1229B004CA895 /* Release */,
			);
			defaultConfigurationIsVisible = 0;
			defaultConfigurationName = Release;
		};
		0ABC374923E1229B004CA895 /* Build configuration list for PBXNativeTarget "Objc底层UITests" */ = {
			isa = XCConfigurationList;
			buildConfigurations = (
				0ABC374523E1229B004CA895 /* Debug */,
				0ABC374623E1229B004CA895 /* Release */,
			);
			defaultConfigurationIsVisible = 0;
			defaultConfigurationName = Release;
		};
		0ABC377A23E122CE004CA895 /* Build configuration list for PBXNativeTarget "算法基础" */ = {
			isa = XCConfigurationList;
			buildConfigurations = (
				0ABC377B23E122CE004CA895 /* Debug */,
				0ABC377C23E122CE004CA895 /* Release */,
			);
			defaultConfigurationIsVisible = 0;
			defaultConfigurationName = Release;
		};
		0ABC377D23E122CE004CA895 /* Build configuration list for PBXNativeTarget "算法基础Tests" */ = {
			isa = XCConfigurationList;
			buildConfigurations = (
				0ABC377E23E122CE004CA895 /* Debug */,
				0ABC377F23E122CE004CA895 /* Release */,
			);
			defaultConfigurationIsVisible = 0;
			defaultConfigurationName = Release;
		};
		0ABC378023E122CE004CA895 /* Build configuration list for PBXNativeTarget "算法基础UITests" */ = {
			isa = XCConfigurationList;
			buildConfigurations = (
				0ABC378123E122CE004CA895 /* Debug */,
				0ABC378223E122CE004CA895 /* Release */,
			);
			defaultConfigurationIsVisible = 0;
			defaultConfigurationName = Release;
		};
/* End XCConfigurationList section */
	};
	rootObject = 0ABC36D123DFCF92004CA895 /* Project object */;
}
